
Microsoft Visual Studio Solution File, Format Version 12.00
# Visual Studio 14
VisualStudioVersion = 14.0.22609.0
MinimumVisualStudioVersion = 10.0.40219.1
Project("{2150E333-8FDC-42A3-9474-1A3956D46DE8}") = "src", "src", "{350C0274-1091-420B-9021-1B36C15A4B56}"
EndProject
Project("{2150E333-8FDC-42A3-9474-1A3956D46DE8}") = "Solution Items", "Solution Items", "{F666AA5B-782C-4C78-9DE5-761D544E7D0D}"
	ProjectSection(SolutionItems) = preProject
		global.json = global.json
	EndProjectSection
EndProject
Project("{8BB2217D-0F2D-49D1-97BC-3654ED321F3B}") = "ItaPortal.Net", "src\ItaPortal.Net\ItaPortal.Net.kproj", "{B25E54AE-05D3-44B3-83BD-ABAEE855A196}"
EndProject
Global
	GlobalSection(SolutionConfigurationPlatforms) = preSolution
		Debug|Any CPU = Debug|Any CPU
		Release|Any CPU = Release|Any CPU
	EndGlobalSection
	GlobalSection(ProjectConfigurationPlatforms) = postSolution
		{B25E54AE-05D3-44B3-83BD-ABAEE855A196}.Debug|Any CPU.ActiveCfg = Debug|Any CPU
		{B25E54AE-05D3-44B3-83BD-ABAEE855A196}.Debug|Any CPU.Build.0 = Debug|Any CPU
		{B25E54AE-05D3-44B3-83BD-ABAEE855A196}.Release|Any CPU.ActiveCfg = Release|Any CPU
		{B25E54AE-05D3-44B3-83BD-ABAEE855A196}.Release|Any CPU.Build.0 = Release|Any CPU
	EndGlobalSection
	GlobalSection(SolutionProperties) = preSolution
		HideSolutionNode = FALSE
	EndGlobalSection
	GlobalSection(NestedProjects) = preSolution
		{B25E54AE-05D3-44B3-83BD-ABAEE855A196} = {350C0274-1091-420B-9021-1B36C15A4B56}
	EndGlobalSection
EndGlobal
